{
  "object": {
    "pins": [
      {
        "package": "combine-schedulers",
        "repositoryURL": "https://github.com/pointfreeco/combine-schedulers",
        "state": {
          "branch": null,
          "revision": "9fa31f4403da54855f1e2aeaeff478f4f0e40b13",
          "version": "1.0.2"
        }
      },
      {
        "package": "swift-case-paths",
        "repositoryURL": "https://github.com/pointfreeco/swift-case-paths",
        "state": {
          "branch": null,
          "revision": "41b89b8b68d8c56c622dbb7132258f1a3e638b25",
          "version": "1.7.0"
        }
      },
      {
        "package": "swift-clocks",
        "repositoryURL": "https://github.com/pointfreeco/swift-clocks",
        "state": {
          "branch": null,
          "revision": "3581e280bf0d90c3fb9236fb23e75a5d8c46b533",
          "version": "1.0.4"
        }
      },
      {
        "package": "swift-collections",
        "repositoryURL": "https://github.com/apple/swift-collections",
        "state": {
          "branch": null,
          "revision": "3d2dc41a01f9e49d84f0a3925fb858bed64f702d",
          "version": "1.1.2"
        }
      },
      {
        "package": "swift-composable-architecture",
        "repositoryURL": "https://github.com/pointfreeco/swift-composable-architecture",
        "state": {
          "branch": null,
          "revision": "76c4411e02cc7768a3f27ca058bd2143c342e5b2",
          "version": "1.18.0"
        }
      },
      {
        "package": "swift-concurrency-extras",
        "repositoryURL": "https://github.com/pointfreeco/swift-concurrency-extras",
        "state": {
          "branch": null,
          "revision": "82a4ae7170d98d8538ec77238b7eb8e7199ef2e8",
          "version": "1.3.1"
        }
      },
      {
        "package": "swift-custom-dump",
        "repositoryURL": "https://github.com/pointfreeco/swift-custom-dump",
        "state": {
          "branch": null,
          "revision": "aec6a73f5c1dc1f1be4f61888094b95cf995d973",
          "version": "1.3.2"
        }
      },
      {
        "package": "swift-dependencies",
        "repositoryURL": "https://github.com/pointfreeco/swift-dependencies",
        "state": {
          "branch": null,
          "revision": "4c90d6b2b9bf0911af87b103bb40f41771891596",
          "version": "1.9.2"
        }
      },
      {
        "package": "swift-identified-collections",
        "repositoryURL": "https://github.com/pointfreeco/swift-identified-collections",
        "state": {
          "branch": null,
          "revision": "2f5ab6e091dd032b63dacbda052405756010dc3b",
          "version": "1.1.0"
        }
      },
      {
        "package": "swift-navigation",
        "repositoryURL": "https://github.com/pointfreeco/swift-navigation",
        "state": {
          "branch": null,
          "revision": "db6bc9dbfed001f21e6728fd36413d9342c235b4",
          "version": "2.3.0"
        }
      },
      {
        "package": "swift-perception",
        "repositoryURL": "https://github.com/pointfreeco/swift-perception",
        "state": {
          "branch": null,
          "revision": "d924c62a70fca5f43872f286dbd7cef0957f1c01",
          "version": "1.6.0"
        }
      },
      {
        "package": "swift-sharing",
        "repositoryURL": "https://github.com/pointfreeco/swift-sharing",
        "state": {
          "branch": null,
          "revision": "75e846ee3159dc75b3a29bfc24b6ce5a557ddca9",
          "version": "2.5.2"
        }
      },
      {
        "package": "swift-syntax",
        "repositoryURL": "https://github.com/swiftlang/swift-syntax",
        "state": {
          "branch": null,
          "revision": "0687f71944021d616d34d922343dcef086855920",
          "version": "600.0.1"
        }
      },
      {
        "package": "xctest-dynamic-overlay",
        "repositoryURL": "https://github.com/pointfreeco/xctest-dynamic-overlay",
        "state": {
          "branch": null,
          "revision": "39de59b2d47f7ef3ca88a039dff3084688fe27f4",
          "version": "1.5.2"
        }
      }
    ]
  },
  "version": 1
}
